// !$*UTF8*$!
{
	archiveVersion = 1;
	classes = {
	};
	objectVersion = 56;
	objects = {

/* Begin PBXBuildFile section */
		1FAACED92A777A4000A90EAB /* AppDelegate.swift in Sources */ = {isa = PBXBuildFile; fileRef = 1FAACED82A777A4000A90EAB /* AppDelegate.swift */; };
		1FAACEDB2A777A4000A90EAB /* SceneDelegate.swift in Sources */ = {isa = PBXBuildFile; fileRef = 1FAACEDA2A777A4000A90EAB /* SceneDelegate.swift */; };
		1FAACEDD2A777A4000A90EAB /* PersonVC.swift in Sources */ = {isa = PBXBuildFile; fileRef = 1FAACEDC2A777A4000A90EAB /* PersonVC.swift */; };
		1FAACEE02A777A4000A90EAB /* Main.storyboard in Resources */ = {isa = PBXBuildFile; fileRef = 1FAACEDE2A777A4000A90EAB /* Main.storyboard */; };
		1FAACEE32A777A4000A90EAB /* CoreData_OneToOne.xcdatamodeld in Sources */ = {isa = PBXBuildFile; fileRef = 1FAACEE12A777A4000A90EAB /* CoreData_OneToOne.xcdatamodeld */; };
		1FAACEE52A777A4100A90EAB /* Assets.xcassets in Resources */ = {isa = PBXBuildFile; fileRef = 1FAACEE42A777A4100A90EAB /* Assets.xcassets */; };
		1FAACEE82A777A4100A90EAB /* LaunchScreen.storyboard in Resources */ = {isa = PBXBuildFile; fileRef = 1FAACEE62A777A4100A90EAB /* LaunchScreen.storyboard */; };
		1FAACEF82A777CFF00A90EAB /* AddUpdatePersonVC.swift in Sources */ = {isa = PBXBuildFile; fileRef = 1FAACEF72A777CFF00A90EAB /* AddUpdatePersonVC.swift */; };
		1FAACEFA2A777D1000A90EAB /* DetailPersonVC.swift in Sources */ = {isa = PBXBuildFile; fileRef = 1FAACEF92A777D1000A90EAB /* DetailPersonVC.swift */; };
		1FAACEFC2A77868500A90EAB /* CoreDataManager.swift in Sources */ = {isa = PBXBuildFile; fileRef = 1FAACEFB2A77868500A90EAB /* CoreDataManager.swift */; };
		1FAACEFE2A77870000A90EAB /* PersonModel.swift in Sources */ = {isa = PBXBuildFile; fileRef = 1FAACEFD2A77870000A90EAB /* PersonModel.swift */; };
		1FAACF002A77B24900A90EAB /* UIViewController+Extension.swift in Sources */ = {isa = PBXBuildFile; fileRef = 1FAACEFF2A77B24900A90EAB /* UIViewController+Extension.swift */; };
/* End PBXBuildFile section */

/* Begin PBXFileReference section */
		1FAACED52A777A4000A90EAB /* CoreData_OneToOne.app */ = {isa = PBXFileReference; explicitFileType = wrapper.application; includeInIndex = 0; path = CoreData_OneToOne.app; sourceTree = BUILT_PRODUCTS_DIR; };
		1FAACED82A777A4000A90EAB /* AppDelegate.swift */ = {isa = PBXFileReference; lastKnownFileType = sourcecode.swift; path = AppDelegate.swift; sourceTree = "<group>"; };
		1FAACEDA2A777A4000A90EAB /* SceneDelegate.swift */ = {isa = PBXFileReference; lastKnownFileType = sourcecode.swift; path = SceneDelegate.swift; sourceTree = "<group>"; };
		1FAACEDC2A777A4000A90EAB /* PersonVC.swift */ = {isa = PBXFileReference; lastKnownFileType = sourcecode.swift; path = PersonVC.swift; sourceTree = "<group>"; };
		1FAACEDF2A777A4000A90EAB /* Base */ = {isa = PBXFileReference; lastKnownFileType = file.storyboard; name = Base; path = Base.lproj/Main.storyboard; sourceTree = "<group>"; };
		1FAACEE22A777A4000A90EAB /* CoreData_OneToOne.xcdatamodel */ = {isa = PBXFileReference; lastKnownFileType = wrapper.xcdatamodel; path = CoreData_OneToOne.xcdatamodel; sourceTree = "<group>"; };
		1FAACEE42A777A4100A90EAB /* Assets.xcassets */ = {isa = PBXFileReference; lastKnownFileType = folder.assetcatalog; path = Assets.xcassets; sourceTree = "<group>"; };
		1FAACEE72A777A4100A90EAB /* Base */ = {isa = PBXFileReference; lastKnownFileType = file.storyboard; name = Base; path = Base.lproj/LaunchScreen.storyboard; sourceTree = "<group>"; };
		1FAACEE92A777A4100A90EAB /* Info.plist */ = {isa = PBXFileReference; lastKnownFileType = text.plist.xml; path = Info.plist; sourceTree = "<group>"; };
		1FAACEF72A777CFF00A90EAB /* AddUpdatePersonVC.swift */ = {isa = PBXFileReference; lastKnownFileType = sourcecode.swift; path = AddUpdatePersonVC.swift; sourceTree = "<group>"; };
		1FAACEF92A777D1000A90EAB /* DetailPersonVC.swift */ = {isa = PBXFileReference; lastKnownFileType = sourcecode.swift; path = DetailPersonVC.swift; sourceTree = "<group>"; };
		1FAACEFB2A77868500A90EAB /* CoreDataManager.swift */ = {isa = PBXFileReference; lastKnownFileType = sourcecode.swift; path = CoreDataManager.swift; sourceTree = "<group>"; };
		1FAACEFD2A77870000A90EAB /* PersonModel.swift */ = {isa = PBXFileReference; lastKnownFileType = sourcecode.swift; path = PersonModel.swift; sourceTree = "<group>"; };
		1FAACEFF2A77B24900A90EAB /* UIViewController+Extension.swift */ = {isa = PBXFileReference; lastKnownFileType = sourcecode.swift; path = "UIViewController+Extension.swift"; sourceTree = "<group>"; };
/* End PBXFileReference section */

/* Begin PBXFrameworksBuildPhase section */
		1FAACED22A777A4000A90EAB /* Frameworks */ = {
			isa = PBXFrameworksBuildPhase;
			buildActionMask = 2147483647;
			files = (
			);
			runOnlyForDeploymentPostprocessing = 0;
		};
/* End PBXFrameworksBuildPhase section */

/* Begin PBXGroup section */
		1FAACECC2A777A4000A90EAB = {
			isa = PBXGroup;
			children = (
				1FAACED72A777A4000A90EAB /* CoreData_OneToOne */,
				1FAACED62A777A4000A90EAB /* Products */,
			);
			sourceTree = "<group>";
		};
		1FAACED62A777A4000A90EAB /* Products */ = {
			isa = PBXGroup;
			children = (
				1FAACED52A777A4000A90EAB /* CoreData_OneToOne.app */,
			);
			name = Products;
			sourceTree = "<group>";
		};
		1FAACED72A777A4000A90EAB /* CoreData_OneToOne */ = {
			isa = PBXGroup;
			children = (
				1FAACEF42A777A5A00A90EAB /* Application */,
				1FAACEF32A777A5700A90EAB /* Extension */,
				1FAACEF52A777ACB00A90EAB /* Helper */,
				1FAACEF22A777A5500A90EAB /* Model */,
				1FAACEF12A777A5300A90EAB /* View */,
				1FAACEEF2A777A4E00A90EAB /* Storyboard */,
				1FAACEF02A777A5000A90EAB /* Resourses */,
				1FAACEE92A777A4100A90EAB /* Info.plist */,
			);
			path = CoreData_OneToOne;
			sourceTree = "<group>";
		};
		1FAACEEF2A777A4E00A90EAB /* Storyboard */ = {
			isa = PBXGroup;
			children = (
				1FAACEDE2A777A4000A90EAB /* Main.storyboard */,
				1FAACEE62A777A4100A90EAB /* LaunchScreen.storyboard */,
			);
			path = Storyboard;
			sourceTree = "<group>";
		};
		1FAACEF02A777A5000A90EAB /* Resourses */ = {
			isa = PBXGroup;
			children = (
				1FAACEE42A777A4100A90EAB /* Assets.xcassets */,
			);
			path = Resourses;
			sourceTree = "<group>";
		};
		1FAACEF12A777A5300A90EAB /* View */ = {
			isa = PBXGroup;
			children = (
				1FAACEDC2A777A4000A90EAB /* PersonVC.swift */,
				1FAACEF72A777CFF00A90EAB /* AddUpdatePersonVC.swift */,
				1FAACEF92A777D1000A90EAB /* DetailPersonVC.swift */,
			);
			path = View;
			sourceTree = "<group>";
		};
		1FAACEF22A777A5500A90EAB /* Model */ = {
			isa = PBXGroup;
			children = (
				1FAACEFD2A77870000A90EAB /* PersonModel.swift */,
			);
			path = Model;
			sourceTree = "<group>";
		};
		1FAACEF32A777A5700A90EAB /* Extension */ = {
			isa = PBXGroup;
			children = (
				1FAACEFF2A77B24900A90EAB /* UIViewController+Extension.swift */,
			);
			path = Extension;
			sourceTree = "<group>";
		};
		1FAACEF42A777A5A00A90EAB /* Application */ = {
			isa = PBXGroup;
			children = (
				1FAACED82A777A4000A90EAB /* AppDelegate.swift */,
				1FAACEDA2A777A4000A90EAB /* SceneDelegate.swift */,
			);
			path = Application;
			sourceTree = "<group>";
		};
		1FAACEF52A777ACB00A90EAB /* Helper */ = {
			isa = PBXGroup;
			children = (
				1FAACEF62A777AF200A90EAB /* CoreDataHelper */,
			);
			path = Helper;
			sourceTree = "<group>";
		};
		1FAACEF62A777AF200A90EAB /* CoreDataHelper */ = {
			isa = PBXGroup;
			children = (
				1FAACEE12A777A4000A90EAB /* CoreData_OneToOne.xcdatamodeld */,
				1FAACEFB2A77868500A90EAB /* CoreDataManager.swift */,
			);
			path = CoreDataHelper;
			sourceTree = "<group>";
		};
/* End PBXGroup section */

/* Begin PBXNativeTarget section */
		1FAACED42A777A4000A90EAB /* CoreData_OneToOne */ = {
			isa = PBXNativeTarget;
			buildConfigurationList = 1FAACEEC2A777A4100A90EAB /* Build configuration list for PBXNativeTarget "CoreData_OneToOne" */;
			buildPhases = (
				1FAACED12A777A4000A90EAB /* Sources */,
				1FAACED22A777A4000A90EAB /* Frameworks */,
				1FAACED32A777A4000A90EAB /* Resources */,
			);
			buildRules = (
			);
			dependencies = (
			);
			name = CoreData_OneToOne;
			productName = CoreData_OneToOne;
			productReference = 1FAACED52A777A4000A90EAB /* CoreData_OneToOne.app */;
			productType = "com.apple.product-type.application";
		};
/* End PBXNativeTarget section */

/* Begin PBXProject section */
		1FAACECD2A777A4000A90EAB /* Project object */ = {
			isa = PBXProject;
			attributes = {
				BuildIndependentTargetsInParallel = 1;
				LastSwiftUpdateCheck = 1420;
				LastUpgradeCheck = 1420;
				TargetAttributes = {
					1FAACED42A777A4000A90EAB = {
						CreatedOnToolsVersion = 14.2;
					};
				};
			};
			buildConfigurationList = 1FAACED02A777A4000A90EAB /* Build configuration list for PBXProject "CoreData_OneToOne" */;
			compatibilityVersion = "Xcode 14.0";
			developmentRegion = en;
			hasScannedForEncodings = 0;
			knownRegions = (
				en,
				Base,
			);
			mainGroup = 1FAACECC2A777A4000A90EAB;
			productRefGroup = 1FAACED62A777A4000A90EAB /* Products */;
			projectDirPath = "";
			projectRoot = "";
			targets = (
				1FAACED42A777A4000A90EAB /* CoreData_OneToOne */,
			);
		};
/* End PBXProject section */

/* Begin PBXResourcesBuildPhase section */
		1FAACED32A777A4000A90EAB /* Resources */ = {
			isa = PBXResourcesBuildPhase;
			buildActionMask = 2147483647;
			files = (
				1FAACEE82A777A4100A90EAB /* LaunchScreen.storyboard in Resources */,
				1FAACEE52A777A4100A90EAB /* Assets.xcassets in Resources */,
				1FAACEE02A777A4000A90EAB /* Main.storyboard in Resources */,
			);
			runOnlyForDeploymentPostprocessing = 0;
		};
/* End PBXResourcesBuildPhase section */

/* Begin PBXSourcesBuildPhase section */
		1FAACED12A777A4000A90EAB /* Sources */ = {
			isa = PBXSourcesBuildPhase;
			buildActionMask = 2147483647;
			files = (
				1FAACF002A77B24900A90EAB /* UIViewController+Extension.swift in Sources */,
				1FAACEDD2A777A4000A90EAB /* PersonVC.swift in Sources */,
				1FAACEF82A777CFF00A90EAB /* AddUpdatePersonVC.swift in Sources */,
				1FAACEFA2A777D1000A90EAB /* DetailPersonVC.swift in Sources */,
				1FAACEFC2A77868500A90EAB /* CoreDataManager.swift in Sources */,
				1FAACEFE2A77870000A90EAB /* PersonModel.swift in Sources */,
				1FAACED92A777A4000A90EAB /* AppDelegate.swift in Sources */,
				1FAACEDB2A777A4000A90EAB /* SceneDelegate.swift in Sources */,
				1FAACEE32A777A4000A90EAB /* CoreData_OneToOne.xcdatamodeld in Sources */,
			);
			runOnlyForDeploymentPostprocessing = 0;
		};
/* End PBXSourcesBuildPhase section */

/* Begin PBXVariantGroup section */
		1FAACEDE2A777A4000A90EAB /* Main.storyboard */ = {
			isa = PBXVariantGroup;
			children = (
				1FAACEDF2A777A4000A90EAB /* Base */,
			);
			name = Main.storyboard;
			sourceTree = "<group>";
		};
		1FAACEE62A777A4100A90EAB /* LaunchScreen.storyboard */ = {
			isa = PBXVariantGroup;
			children = (
				1FAACEE72A777A4100A90EAB /* Base */,
			);
			name = LaunchScreen.storyboard;
			sourceTree = "<group>";
		};
/* End PBXVariantGroup section */

/* Begin XCBuildConfiguration section */
		1FAACEEA2A777A4100A90EAB /* Debug */ = {
			isa = XCBuildConfiguration;
			buildSettings = {
				ALWAYS_SEARCH_USER_PATHS = NO;
				CLANG_ANALYZER_NONNULL = YES;
				CLANG_ANALYZER_NUMBER_OBJECT_CONVERSION = YES_AGGRESSIVE;
				CLANG_CXX_LANGUAGE_STANDARD = "gnu++20";
				CLANG_ENABLE_MODULES = YES;
				CLANG_ENABLE_OBJC_ARC = YES;
				CLANG_ENABLE_OBJC_WEAK = YES;
				CLANG_WARN_BLOCK_CAPTURE_AUTORELEASING = YES;
				CLANG_WARN_BOOL_CONVERSION = YES;
				CLANG_WARN_COMMA = YES;
				CLANG_WARN_CONSTANT_CONVERSION = YES;
				CLANG_WARN_DEPRECATED_OBJC_IMPLEMENTATIONS = YES;
				CLANG_WARN_DIRECT_OBJC_ISA_USAGE = YES_ERROR;
				CLANG_WARN_DOCUMENTATION_COMMENTS = YES;
				CLANG_WARN_EMPTY_BODY = YES;
				CLANG_WARN_ENUM_CONVERSION = YES;
				CLANG_WARN_INFINITE_RECURSION = YES;
				CLANG_WARN_INT_CONVERSION = YES;
				CLANG_WARN_NON_LITERAL_NULL_CONVERSION = YES;
				CLANG_WARN_OBJC_IMPLICIT_RETAIN_SELF = YES;
				CLANG_WARN_OBJC_LITERAL_CONVERSION = YES;
				CLANG_WARN_OBJC_ROOT_CLASS = YES_ERROR;
				CLANG_WARN_QUOTED_INCLUDE_IN_FRAMEWORK_HEADER = YES;
				CLANG_WARN_RANGE_LOOP_ANALYSIS = YES;
				CLANG_WARN_STRICT_PROTOTYPES = YES;
				CLANG_WARN_SUSPICIOUS_MOVE = YES;
				CLANG_WARN_UNGUARDED_AVAILABILITY = YES_AGGRESSIVE;
				CLANG_WARN_UNREACHABLE_CODE = YES;
				CLANG_WARN__DUPLICATE_METHOD_MATCH = YES;
				COPY_PHASE_STRIP = NO;
				DEBUG_INFORMATION_FORMAT = dwarf;
				ENABLE_STRICT_OBJC_MSGSEND = YES;
				ENABLE_TESTABILITY = YES;
				GCC_C_LANGUAGE_STANDARD = gnu11;
				GCC_DYNAMIC_NO_PIC = NO;
				GCC_NO_COMMON_BLOCKS = YES;
				GCC_OPTIMIZATION_LEVEL = 0;
				GCC_PREPROCESSOR_DEFINITIONS = (
					"DEBUG=1",
					"$(inherited)",
				);
				GCC_WARN_64_TO_32_BIT_CONVERSION = YES;
				GCC_WARN_ABOUT_RETURN_TYPE = YES_ERROR;
				GCC_WARN_UNDECLARED_SELECTOR = YES;
				GCC_WARN_UNINITIALIZED_AUTOS = YES_AGGRESSIVE;
				GCC_WARN_UNUSED_FUNCTION = YES;
				GCC_WARN_UNUSED_VARIABLE = YES;
				IPHONEOS_DEPLOYMENT_TARGET = 16.2;
				MTL_ENABLE_DEBUG_INFO = INCLUDE_SOURCE;
				MTL_FAST_MATH = YES;
				ONLY_ACTIVE_ARCH = YES;
				SDKROOT = iphoneos;
				SWIFT_ACTIVE_COMPILATION_CONDITIONS = DEBUG;
				SWIFT_OPTIMIZATION_LEVEL = "-Onone";
			};
			name = Debug;
		};
		1FAACEEB2A777A4100A90EAB /* Release */ = {
			isa = XCBuildConfiguration;
			buildSettings = {
				ALWAYS_SEARCH_USER_PATHS = NO;
				CLANG_ANALYZER_NONNULL = YES;
				CLANG_ANALYZER_NUMBER_OBJECT_CONVERSION = YES_AGGRESSIVE;
				CLANG_CXX_LANGUAGE_STANDARD = "gnu++20";
				CLANG_ENABLE_MODULES = YES;
				CLANG_ENABLE_OBJC_ARC = YES;
				CLANG_ENABLE_OBJC_WEAK = YES;
				CLANG_WARN_BLOCK_CAPTURE_AUTORELEASING = YES;
				CLANG_WARN_BOOL_CONVERSION = YES;
				CLANG_WARN_COMMA = YES;
				CLANG_WARN_CONSTANT_CONVERSION = YES;
				CLANG_WARN_DEPRECATED_OBJC_IMPLEMENTATIONS = YES;
				CLANG_WARN_DIRECT_OBJC_ISA_USAGE = YES_ERROR;
				CLANG_WARN_DOCUMENTATION_COMMENTS = YES;
				CLANG_WARN_EMPTY_BODY = YES;
				CLANG_WARN_ENUM_CONVERSION = YES;
				CLANG_WARN_INFINITE_RECURSION = YES;
				CLANG_WARN_INT_CONVERSION = YES;
				CLANG_WARN_NON_LITERAL_NULL_CONVERSION = YES;
				CLANG_WARN_OBJC_IMPLICIT_RETAIN_SELF = YES;
				CLANG_WARN_OBJC_LITERAL_CONVERSION = YES;
				CLANG_WARN_OBJC_ROOT_CLASS = YES_ERROR;
				CLANG_WARN_QUOTED_INCLUDE_IN_FRAMEWORK_HEADER = YES;
				CLANG_WARN_RANGE_LOOP_ANALYSIS = YES;
				CLANG_WARN_STRICT_PROTOTYPES = YES;
				CLANG_WARN_SUSPICIOUS_MOVE = YES;
				CLANG_WARN_UNGUARDED_AVAILABILITY = YES_AGGRESSIVE;
				CLANG_WARN_UNREACHABLE_CODE = YES;
				CLANG_WARN__DUPLICATE_METHOD_MATCH = YES;
				COPY_PHASE_STRIP = NO;
				DEBUG_INFORMATION_FORMAT = "dwarf-with-dsym";
				ENABLE_NS_ASSERTIONS = NO;
				ENABLE_STRICT_OBJC_MSGSEND = YES;
				GCC_C_LANGUAGE_STANDARD = gnu11;
				GCC_NO_COMMON_BLOCKS = YES;
				GCC_WARN_64_TO_32_BIT_CONVERSION = YES;
				GCC_WARN_ABOUT_RETURN_TYPE = YES_ERROR;
				GCC_WARN_UNDECLARED_SELECTOR = YES;
				GCC_WARN_UNINITIALIZED_AUTOS = YES_AGGRESSIVE;
				GCC_WARN_UNUSED_FUNCTION = YES;
				GCC_WARN_UNUSED_VARIABLE = YES;
				IPHONEOS_DEPLOYMENT_TARGET = 16.2;
				MTL_ENABLE_DEBUG_INFO = NO;
				MTL_FAST_MATH = YES;
				SDKROOT = iphoneos;
				SWIFT_COMPILATION_MODE = wholemodule;
				SWIFT_OPTIMIZATION_LEVEL = "-O";
				VALIDATE_PRODUCT = YES;
			};
			name = Release;
		};
		1FAACEED2A777A4100A90EAB /* Debug */ = {
			isa = XCBuildConfiguration;
			buildSettings = {
				ASSETCATALOG_COMPILER_APPICON_NAME = AppIcon;
				ASSETCATALOG_COMPILER_GLOBAL_ACCENT_COLOR_NAME = AccentColor;
				CODE_SIGN_STYLE = Automatic;
				CURRENT_PROJECT_VERSION = 1;
				DEVELOPMENT_TEAM = R94BP8S4YC;
				GENERATE_INFOPLIST_FILE = YES;
				INFOPLIST_FILE = CoreData_OneToOne/Info.plist;
				INFOPLIST_KEY_UIApplicationSupportsIndirectInputEvents = YES;
				INFOPLIST_KEY_UILaunchStoryboardName = LaunchScreen;
				INFOPLIST_KEY_UIMainStoryboardFile = Main;
				INFOPLIST_KEY_UISupportedInterfaceOrientations_iPad = "UIInterfaceOrientationPortrait UIInterfaceOrientationPortraitUpsideDown UIInterfaceOrientationLandscapeLeft UIInterfaceOrientationLandscapeRight";
				INFOPLIST_KEY_UISupportedInterfaceOrientations_iPhone = "UIInterfaceOrientationPortrait UIInterfaceOrientationLandscapeLeft UIInterfaceOrientationLandscapeRight";
				LD_RUNPATH_SEARCH_PATHS = (
					"$(inherited)",
					"@executable_path/Frameworks",
				);
				MARKETING_VERSION = 1.0;
				PRODUCT_BUNDLE_IDENTIFIER = "com.phntech.phncareer.CoreData-OneToOne";
				PRODUCT_NAME = "$(TARGET_NAME)";
				SWIFT_EMIT_LOC_STRINGS = YES;
				SWIFT_VERSION = 5.0;
				TARGETED_DEVICE_FAMILY = "1,2";
			};
			name = Debug;
		};
		1FAACEEE2A777A4100A90EAB /* Release */ = {
			isa = XCBuildConfiguration;
			buildSettings = {
				ASSETCATALOG_COMPILER_APPICON_NAME = AppIcon;
				ASSETCATALOG_COMPILER_GLOBAL_ACCENT_COLOR_NAME = AccentColor;
				CODE_SIGN_STYLE = Automatic;
				CURRENT_PROJECT_VERSION = 1;
				DEVELOPMENT_TEAM = R94BP8S4YC;
				GENERATE_INFOPLIST_FILE = YES;
				INFOPLIST_FILE = CoreData_OneToOne/Info.plist;
				INFOPLIST_KEY_UIApplicationSupportsIndirectInputEvents = YES;
				INFOPLIST_KEY_UILaunchStoryboardName = LaunchScreen;
				INFOPLIST_KEY_UIMainStoryboardFile = Main;
				INFOPLIST_KEY_UISupportedInterfaceOrientations_iPad = "UIInterfaceOrientationPortrait UIInterfaceOrientationPortraitUpsideDown UIInterfaceOrientationLandscapeLeft UIInterfaceOrientationLandscapeRight";
				INFOPLIST_KEY_UISupportedInterfaceOrientations_iPhone = "UIInterfaceOrientationPortrait UIInterfaceOrientationLandscapeLeft UIInterfaceOrientationLandscapeRight";
				LD_RUNPATH_SEARCH_PATHS = (
					"$(inherited)",
					"@executable_path/Frameworks",
				);
				MARKETING_VERSION = 1.0;
				PRODUCT_BUNDLE_IDENTIFIER = "com.phntech.phncareer.CoreData-OneToOne";
				PRODUCT_NAME = "$(TARGET_NAME)";
				SWIFT_EMIT_LOC_STRINGS = YES;
				SWIFT_VERSION = 5.0;
				TARGETED_DEVICE_FAMILY = "1,2";
			};
			name = Release;
		};
/* End XCBuildConfiguration section */

/* Begin XCConfigurationList section */
		1FAACED02A777A4000A90EAB /* Build configuration list for PBXProject "CoreData_OneToOne" */ = {
			isa = XCConfigurationList;
			buildConfigurations = (
				1FAACEEA2A777A4100A90EAB /* Debug */,
				1FAACEEB2A777A4100A90EAB /* Release */,
			);
			defaultConfigurationIsVisible = 0;
			defaultConfigurationName = Release;
		};
		1FAACEEC2A777A4100A90EAB /* Build configuration list for PBXNativeTarget "CoreData_OneToOne" */ = {
			isa = XCConfigurationList;
			buildConfigurations = (
				1FAACEED2A777A4100A90EAB /* Debug */,
				1FAACEEE2A777A4100A90EAB /* Release */,
			);
			defaultConfigurationIsVisible = 0;
			defaultConfigurationName = Release;
		};
/* End XCConfigurationList section */

/* Begin XCVersionGroup section */
		1FAACEE12A777A4000A90EAB /* CoreData_OneToOne.xcdatamodeld */ = {
			isa = XCVersionGroup;
			children = (
				1FAACEE22A777A4000A90EAB /* CoreData_OneToOne.xcdatamodel */,
			);
			currentVersion = 1FAACEE22A777A4000A90EAB /* CoreData_OneToOne.xcdatamodel */;
			path = CoreData_OneToOne.xcdatamodeld;
			sourceTree = "<group>";
			versionGroupType = wrapper.xcdatamodel;
		};
/* End XCVersionGroup section */
	};
	rootObject = 1FAACECD2A777A4000A90EAB /* Project object */;
}
